
Microsoft Visual Studio Solution File, Format Version 12.00
# Visual Studio 2012
Project("{FAE04EC0-301F-11D3-BF4B-00C04F79EFBC}") = "AngryBird.CSharp", "AngryBird.CSharp.csproj", "{361788CD-5A16-488B-5B76-3F80EBEFD19D}"
EndProject
Global
	GlobalSection(SolutionConfigurationPlatforms) = preSolution
		Debug|Any CPU = Debug|Any CPU
		Release|Any CPU = Release|Any CPU
	EndGlobalSection
	GlobalSection(ProjectConfigurationPlatforms) = postSolution
		{361788CD-5A16-488B-5B76-3F80EBEFD19D}.Debug|Any CPU.ActiveCfg = Debug|Any CPU
		{361788CD-5A16-488B-5B76-3F80EBEFD19D}.Debug|Any CPU.Build.0 = Debug|Any CPU
		{361788CD-5A16-488B-5B76-3F80EBEFD19D}.Release|Any CPU.ActiveCfg = Release|Any CPU
		{361788CD-5A16-488B-5B76-3F80EBEFD19D}.Release|Any CPU.Build.0 = Release|Any CPU
	EndGlobalSection
	GlobalSection(SolutionProperties) = preSolution
		HideSolutionNode = FALSE
	EndGlobalSection
EndGlobal
